
Microsoft Visual Studio Solution File, Format Version 12.00
# Visual Studio Version 16
VisualStudioVersion = 16.0.30128.74
MinimumVisualStudioVersion = 10.0.40219.1
Project("{FAE04EC0-301F-11D3-BF4B-00C04F79EFBC}") = "MagnificationAPI", "MagnificationAPI\MagnificationAPI.csproj", "{CBA2622A-931A-4559-A917-2C03363EBC4E}"
EndProject
Global
	GlobalSection(SolutionConfigurationPlatforms) = preSolution
		Debug|Any CPU = Debug|Any CPU
		Release|Any CPU = Release|Any CPU
	EndGlobalSection
	GlobalSection(ProjectConfigurationPlatforms) = postSolution
		{CBA2622A-931A-4559-A917-2C03363EBC4E}.Debug|Any CPU.ActiveCfg = Debug|Any CPU
		{CBA2622A-931A-4559-A917-2C03363EBC4E}.Debug|Any CPU.Build.0 = Debug|Any CPU
		{CBA2622A-931A-4559-A917-2C03363EBC4E}.Release|Any CPU.ActiveCfg = Release|Any CPU
		{CBA2622A-931A-4559-A917-2C03363EBC4E}.Release|Any CPU.Build.0 = Release|Any CPU
	EndGlobalSection
	GlobalSection(SolutionProperties) = preSolution
		HideSolutionNode = FALSE
	EndGlobalSection
	GlobalSection(ExtensibilityGlobals) = postSolution
		SolutionGuid = {D19272E0-42DA-497E-BA78-0C1E87EE7C6B}
	EndGlobalSection
EndGlobal
